
Microsoft Visual Studio Solution File, Format Version 12.00
# Visual Studio Version 17
VisualStudioVersion = 17.14.36127.28 d17.14
MinimumVisualStudioVersion = 10.0.40219.1
Project("{FAE04EC0-301F-11D3-BF4B-00C04F79EFBC}") = "Recruitment App", "Online Recruitment Application\Recruitment App.csproj", "{BE83C1EF-22F2-41C3-B297-D927EDA06AB9}"
EndProject
Global
	GlobalSection(SolutionConfigurationPlatforms) = preSolution
		Debug|Any CPU = Debug|Any CPU
		Release|Any CPU = Release|Any CPU
	EndGlobalSection
	GlobalSection(ProjectConfigurationPlatforms) = postSolution
		{BE83C1EF-22F2-41C3-B297-D927EDA06AB9}.Debug|Any CPU.ActiveCfg = Debug|Any CPU
		{BE83C1EF-22F2-41C3-B297-D927EDA06AB9}.Debug|Any CPU.Build.0 = Debug|Any CPU
		{BE83C1EF-22F2-41C3-B297-D927EDA06AB9}.Release|Any CPU.ActiveCfg = Release|Any CPU
		{BE83C1EF-22F2-41C3-B297-D927EDA06AB9}.Release|Any CPU.Build.0 = Release|Any CPU
	EndGlobalSection
	GlobalSection(SolutionProperties) = preSolution
		HideSolutionNode = FALSE
	EndGlobalSection
	GlobalSection(ExtensibilityGlobals) = postSolution
		SolutionGuid = {62DF9F6E-1E76-4863-B161-1D460CA2C6F0}
	EndGlobalSection
EndGlobal
